// !$*UTF8*$!
{
	archiveVersion = 1;
	classes = {
	};
	objectVersion = 50;
	objects = {

/* Begin PBXBuildFile section */
		784C31A6226974F20054A8DC /* mmapRWTest.swift in Sources */ = {isa = PBXBuildFile; fileRef = 784C31A5226974F20054A8DC /* mmapRWTest.swift */; };
		7882B761225B34D8008C9F8F /* AppDelegate.swift in Sources */ = {isa = PBXBuildFile; fileRef = 7882B760225B34D8008C9F8F /* AppDelegate.swift */; };
		7882B763225B34D8008C9F8F /* ViewController.swift in Sources */ = {isa = PBXBuildFile; fileRef = 7882B762225B34D8008C9F8F /* ViewController.swift */; };
		7882B766225B34D8008C9F8F /* Main.storyboard in Resources */ = {isa = PBXBuildFile; fileRef = 7882B764225B34D8008C9F8F /* Main.storyboard */; };
		7882B768225B34DA008C9F8F /* Assets.xcassets in Resources */ = {isa = PBXBuildFile; fileRef = 7882B767225B34DA008C9F8F /* Assets.xcassets */; };
		7882B76B225B34DA008C9F8F /* LaunchScreen.storyboard in Resources */ = {isa = PBXBuildFile; fileRef = 7882B769225B34DA008C9F8F /* LaunchScreen.storyboard */; };
		7882B776225B34DA008C9F8F /* mmapDemoTests.swift in Sources */ = {isa = PBXBuildFile; fileRef = 7882B775225B34DA008C9F8F /* mmapDemoTests.swift */; };
		7882B781225B34DA008C9F8F /* mmapDemoUITests.swift in Sources */ = {isa = PBXBuildFile; fileRef = 7882B780225B34DA008C9F8F /* mmapDemoUITests.swift */; };
/* End PBXBuildFile section */

/* Begin PBXContainerItemProxy section */
		7882B772225B34DA008C9F8F /* PBXContainerItemProxy */ = {
			isa = PBXContainerItemProxy;
			containerPortal = 7882B755225B34D8008C9F8F /* Project object */;
			proxyType = 1;
			remoteGlobalIDString = 7882B75C225B34D8008C9F8F;
			remoteInfo = mmapDemo;
		};
		7882B77D225B34DA008C9F8F /* PBXContainerItemProxy */ = {
			isa = PBXContainerItemProxy;
			containerPortal = 7882B755225B34D8008C9F8F /* Project object */;
			proxyType = 1;
			remoteGlobalIDString = 7882B75C225B34D8008C9F8F;
			remoteInfo = mmapDemo;
		};
/* End PBXContainerItemProxy section */

/* Begin PBXFileReference section */
		784C31A5226974F20054A8DC /* mmapRWTest.swift */ = {isa = PBXFileReference; lastKnownFileType = sourcecode.swift; path = mmapRWTest.swift; sourceTree = "<group>"; };
		7882B75D225B34D8008C9F8F /* mmapDemo.app */ = {isa = PBXFileReference; explicitFileType = wrapper.application; includeInIndex = 0; path = mmapDemo.app; sourceTree = BUILT_PRODUCTS_DIR; };
		7882B760225B34D8008C9F8F /* AppDelegate.swift */ = {isa = PBXFileReference; lastKnownFileType = sourcecode.swift; path = AppDelegate.swift; sourceTree = "<group>"; };
		7882B762225B34D8008C9F8F /* ViewController.swift */ = {isa = PBXFileReference; lastKnownFileType = sourcecode.swift; path = ViewController.swift; sourceTree = "<group>"; };
		7882B765225B34D8008C9F8F /* Base */ = {isa = PBXFileReference; lastKnownFileType = file.storyboard; name = Base; path = Base.lproj/Main.storyboard; sourceTree = "<group>"; };
		7882B767225B34DA008C9F8F /* Assets.xcassets */ = {isa = PBXFileReference; lastKnownFileType = folder.assetcatalog; path = Assets.xcassets; sourceTree = "<group>"; };
		7882B76A225B34DA008C9F8F /* Base */ = {isa = PBXFileReference; lastKnownFileType = file.storyboard; name = Base; path = Base.lproj/LaunchScreen.storyboard; sourceTree = "<group>"; };
		7882B76C225B34DA008C9F8F /* Info.plist */ = {isa = PBXFileReference; lastKnownFileType = text.plist.xml; path = Info.plist; sourceTree = "<group>"; };
		7882B771225B34DA008C9F8F /* mmapDemoTests.xctest */ = {isa = PBXFileReference; explicitFileType = wrapper.cfbundle; includeInIndex = 0; path = mmapDemoTests.xctest; sourceTree = BUILT_PRODUCTS_DIR; };
		7882B775225B34DA008C9F8F /* mmapDemoTests.swift */ = {isa = PBXFileReference; lastKnownFileType = sourcecode.swift; path = mmapDemoTests.swift; sourceTree = "<group>"; };
		7882B777225B34DA008C9F8F /* Info.plist */ = {isa = PBXFileReference; lastKnownFileType = text.plist.xml; path = Info.plist; sourceTree = "<group>"; };
		7882B77C225B34DA008C9F8F /* mmapDemoUITests.xctest */ = {isa = PBXFileReference; explicitFileType = wrapper.cfbundle; includeInIndex = 0; path = mmapDemoUITests.xctest; sourceTree = BUILT_PRODUCTS_DIR; };
		7882B780225B34DA008C9F8F /* mmapDemoUITests.swift */ = {isa = PBXFileReference; lastKnownFileType = sourcecode.swift; path = mmapDemoUITests.swift; sourceTree = "<group>"; };
		7882B782225B34DA008C9F8F /* Info.plist */ = {isa = PBXFileReference; lastKnownFileType = text.plist.xml; path = Info.plist; sourceTree = "<group>"; };
/* End PBXFileReference section */

/* Begin PBXFrameworksBuildPhase section */
		7882B75A225B34D8008C9F8F /* Frameworks */ = {
			isa = PBXFrameworksBuildPhase;
			buildActionMask = 2147483647;
			files = (
			);
			runOnlyForDeploymentPostprocessing = 0;
		};
		7882B76E225B34DA008C9F8F /* Frameworks */ = {
			isa = PBXFrameworksBuildPhase;
			buildActionMask = 2147483647;
			files = (
			);
			runOnlyForDeploymentPostprocessing = 0;
		};
		7882B779225B34DA008C9F8F /* Frameworks */ = {
			isa = PBXFrameworksBuildPhase;
			buildActionMask = 2147483647;
			files = (
			);
			runOnlyForDeploymentPostprocessing = 0;
		};
/* End PBXFrameworksBuildPhase section */

/* Begin PBXGroup section */
		7882B754225B34D8008C9F8F = {
			isa = PBXGroup;
			children = (
				7882B75F225B34D8008C9F8F /* mmapDemo */,
				7882B774225B34DA008C9F8F /* mmapDemoTests */,
				7882B77F225B34DA008C9F8F /* mmapDemoUITests */,
				7882B75E225B34D8008C9F8F /* Products */,
			);
			sourceTree = "<group>";
		};
		7882B75E225B34D8008C9F8F /* Products */ = {
			isa = PBXGroup;
			children = (
				7882B75D225B34D8008C9F8F /* mmapDemo.app */,
				7882B771225B34DA008C9F8F /* mmapDemoTests.xctest */,
				7882B77C225B34DA008C9F8F /* mmapDemoUITests.xctest */,
			);
			name = Products;
			sourceTree = "<group>";
		};
		7882B75F225B34D8008C9F8F /* mmapDemo */ = {
			isa = PBXGroup;
			children = (
				7882B760225B34D8008C9F8F /* AppDelegate.swift */,
				7882B762225B34D8008C9F8F /* ViewController.swift */,
				7882B764225B34D8008C9F8F /* Main.storyboard */,
				784C31A5226974F20054A8DC /* mmapRWTest.swift */,
				7882B767225B34DA008C9F8F /* Assets.xcassets */,
				7882B769225B34DA008C9F8F /* LaunchScreen.storyboard */,
				7882B76C225B34DA008C9F8F /* Info.plist */,
			);
			path = mmapDemo;
			sourceTree = "<group>";
		};
		7882B774225B34DA008C9F8F /* mmapDemoTests */ = {
			isa = PBXGroup;
			children = (
				7882B775225B34DA008C9F8F /* mmapDemoTests.swift */,
				7882B777225B34DA008C9F8F /* Info.plist */,
			);
			path = mmapDemoTests;
			sourceTree = "<group>";
		};
		7882B77F225B34DA008C9F8F /* mmapDemoUITests */ = {
			isa = PBXGroup;
			children = (
				7882B780225B34DA008C9F8F /* mmapDemoUITests.swift */,
				7882B782225B34DA008C9F8F /* Info.plist */,
			);
			path = mmapDemoUITests;
			sourceTree = "<group>";
		};
/* End PBXGroup section */

/* Begin PBXNativeTarget section */
		7882B75C225B34D8008C9F8F /* mmapDemo */ = {
			isa = PBXNativeTarget;
			buildConfigurationList = 7882B785225B34DA008C9F8F /* Build configuration list for PBXNativeTarget "mmapDemo" */;
			buildPhases = (
				7882B759225B34D8008C9F8F /* Sources */,
				7882B75A225B34D8008C9F8F /* Frameworks */,
				7882B75B225B34D8008C9F8F /* Resources */,
			);
			buildRules = (
			);
			dependencies = (
			);
			name = mmapDemo;
			productName = mmapDemo;
			productReference = 7882B75D225B34D8008C9F8F /* mmapDemo.app */;
			productType = "com.apple.product-type.application";
		};
		7882B770225B34DA008C9F8F /* mmapDemoTests */ = {
			isa = PBXNativeTarget;
			buildConfigurationList = 7882B788225B34DA008C9F8F /* Build configuration list for PBXNativeTarget "mmapDemoTests" */;
			buildPhases = (
				7882B76D225B34DA008C9F8F /* Sources */,
				7882B76E225B34DA008C9F8F /* Frameworks */,
				7882B76F225B34DA008C9F8F /* Resources */,
			);
			buildRules = (
			);
			dependencies = (
				7882B773225B34DA008C9F8F /* PBXTargetDependency */,
			);
			name = mmapDemoTests;
			productName = mmapDemoTests;
			productReference = 7882B771225B34DA008C9F8F /* mmapDemoTests.xctest */;
			productType = "com.apple.product-type.bundle.unit-test";
		};
		7882B77B225B34DA008C9F8F /* mmapDemoUITests */ = {
			isa = PBXNativeTarget;
			buildConfigurationList = 7882B78B225B34DA008C9F8F /* Build configuration list for PBXNativeTarget "mmapDemoUITests" */;
			buildPhases = (
				7882B778225B34DA008C9F8F /* Sources */,
				7882B779225B34DA008C9F8F /* Frameworks */,
				7882B77A225B34DA008C9F8F /* Resources */,
			);
			buildRules = (
			);
			dependencies = (
				7882B77E225B34DA008C9F8F /* PBXTargetDependency */,
			);
			name = mmapDemoUITests;
			productName = mmapDemoUITests;
			productReference = 7882B77C225B34DA008C9F8F /* mmapDemoUITests.xctest */;
			productType = "com.apple.product-type.bundle.ui-testing";
		};
/* End PBXNativeTarget section */

/* Begin PBXProject section */
		7882B755225B34D8008C9F8F /* Project object */ = {
			isa = PBXProject;
			attributes = {
				LastSwiftUpdateCheck = 1020;
				LastUpgradeCheck = 1020;
				ORGANIZATIONNAME = Johnny;
				TargetAttributes = {
					7882B75C225B34D8008C9F8F = {
						CreatedOnToolsVersion = 10.2;
					};
					7882B770225B34DA008C9F8F = {
						CreatedOnToolsVersion = 10.2;
						TestTargetID = 7882B75C225B34D8008C9F8F;
					};
					7882B77B225B34DA008C9F8F = {
						CreatedOnToolsVersion = 10.2;
						TestTargetID = 7882B75C225B34D8008C9F8F;
					};
				};
			};
			buildConfigurationList = 7882B758225B34D8008C9F8F /* Build configuration list for PBXProject "mmapDemo" */;
			compatibilityVersion = "Xcode 9.3";
			developmentRegion = en;
			hasScannedForEncodings = 0;
			knownRegions = (
				en,
				Base,
			);
			mainGroup = 7882B754225B34D8008C9F8F;
			productRefGroup = 7882B75E225B34D8008C9F8F /* Products */;
			projectDirPath = "";
			projectRoot = "";
			targets = (
				7882B75C225B34D8008C9F8F /* mmapDemo */,
				7882B770225B34DA008C9F8F /* mmapDemoTests */,
				7882B77B225B34DA008C9F8F /* mmapDemoUITests */,
			);
		};
/* End PBXProject section */

/* Begin PBXResourcesBuildPhase section */
		7882B75B225B34D8008C9F8F /* Resources */ = {
			isa = PBXResourcesBuildPhase;
			buildActionMask = 2147483647;
			files = (
				7882B76B225B34DA008C9F8F /* LaunchScreen.storyboard in Resources */,
				7882B768225B34DA008C9F8F /* Assets.xcassets in Resources */,
				7882B766225B34D8008C9F8F /* Main.storyboard in Resources */,
			);
			runOnlyForDeploymentPostprocessing = 0;
		};
		7882B76F225B34DA008C9F8F /* Resources */ = {
			isa = PBXResourcesBuildPhase;
			buildActionMask = 2147483647;
			files = (
			);
			runOnlyForDeploymentPostprocessing = 0;
		};
		7882B77A225B34DA008C9F8F /* Resources */ = {
			isa = PBXResourcesBuildPhase;
			buildActionMask = 2147483647;
			files = (
			);
			runOnlyForDeploymentPostprocessing = 0;
		};
/* End PBXResourcesBuildPhase section */

/* Begin PBXSourcesBuildPhase section */
		7882B759225B34D8008C9F8F /* Sources */ = {
			isa = PBXSourcesBuildPhase;
			buildActionMask = 2147483647;
			files = (
				784C31A6226974F20054A8DC /* mmapRWTest.swift in Sources */,
				7882B763225B34D8008C9F8F /* ViewController.swift in Sources */,
				7882B761225B34D8008C9F8F /* AppDelegate.swift in Sources */,
			);
			runOnlyForDeploymentPostprocessing = 0;
		};
		7882B76D225B34DA008C9F8F /* Sources */ = {
			isa = PBXSourcesBuildPhase;
			buildActionMask = 2147483647;
			files = (
				7882B776225B34DA008C9F8F /* mmapDemoTests.swift in Sources */,
			);
			runOnlyForDeploymentPostprocessing = 0;
		};
		7882B778225B34DA008C9F8F /* Sources */ = {
			isa = PBXSourcesBuildPhase;
			buildActionMask = 2147483647;
			files = (
				7882B781225B34DA008C9F8F /* mmapDemoUITests.swift in Sources */,
			);
			runOnlyForDeploymentPostprocessing = 0;
		};
/* End PBXSourcesBuildPhase section */

/* Begin PBXTargetDependency section */
		7882B773225B34DA008C9F8F /* PBXTargetDependency */ = {
			isa = PBXTargetDependency;
			target = 7882B75C225B34D8008C9F8F /* mmapDemo */;
			targetProxy = 7882B772225B34DA008C9F8F /* PBXContainerItemProxy */;
		};
		7882B77E225B34DA008C9F8F /* PBXTargetDependency */ = {
			isa = PBXTargetDependency;
			target = 7882B75C225B34D8008C9F8F /* mmapDemo */;
			targetProxy = 7882B77D225B34DA008C9F8F /* PBXContainerItemProxy */;
		};
/* End PBXTargetDependency section */

/* Begin PBXVariantGroup section */
		7882B764225B34D8008C9F8F /* Main.storyboard */ = {
			isa = PBXVariantGroup;
			children = (
				7882B765225B34D8008C9F8F /* Base */,
			);
			name = Main.storyboard;
			sourceTree = "<group>";
		};
		7882B769225B34DA008C9F8F /* LaunchScreen.storyboard */ = {
			isa = PBXVariantGroup;
			children = (
				7882B76A225B34DA008C9F8F /* Base */,
			);
			name = LaunchScreen.storyboard;
			sourceTree = "<group>";
		};
/* End PBXVariantGroup section */

/* Begin XCBuildConfiguration section */
		7882B783225B34DA008C9F8F /* Debug */ = {
			isa = XCBuildConfiguration;
			buildSettings = {
				ALWAYS_SEARCH_USER_PATHS = NO;
				CLANG_ANALYZER_NONNULL = YES;
				CLANG_ANALYZER_NUMBER_OBJECT_CONVERSION = YES_AGGRESSIVE;
				CLANG_CXX_LANGUAGE_STANDARD = "gnu++14";
				CLANG_CXX_LIBRARY = "libc++";
				CLANG_ENABLE_MODULES = YES;
				CLANG_ENABLE_OBJC_ARC = YES;
				CLANG_ENABLE_OBJC_WEAK = YES;
				CLANG_WARN_BLOCK_CAPTURE_AUTORELEASING = YES;
				CLANG_WARN_BOOL_CONVERSION = YES;
				CLANG_WARN_COMMA = YES;
				CLANG_WARN_CONSTANT_CONVERSION = YES;
				CLANG_WARN_DEPRECATED_OBJC_IMPLEMENTATIONS = YES;
				CLANG_WARN_DIRECT_OBJC_ISA_USAGE = YES_ERROR;
				CLANG_WARN_DOCUMENTATION_COMMENTS = YES;
				CLANG_WARN_EMPTY_BODY = YES;
				CLANG_WARN_ENUM_CONVERSION = YES;
				CLANG_WARN_INFINITE_RECURSION = YES;
				CLANG_WARN_INT_CONVERSION = YES;
				CLANG_WARN_NON_LITERAL_NULL_CONVERSION = YES;
				CLANG_WARN_OBJC_IMPLICIT_RETAIN_SELF = YES;
				CLANG_WARN_OBJC_LITERAL_CONVERSION = YES;
				CLANG_WARN_OBJC_ROOT_CLASS = YES_ERROR;
				CLANG_WARN_RANGE_LOOP_ANALYSIS = YES;
				CLANG_WARN_STRICT_PROTOTYPES = YES;
				CLANG_WARN_SUSPICIOUS_MOVE = YES;
				CLANG_WARN_UNGUARDED_AVAILABILITY = YES_AGGRESSIVE;
				CLANG_WARN_UNREACHABLE_CODE = YES;
				CLANG_WARN__DUPLICATE_METHOD_MATCH = YES;
				CODE_SIGN_IDENTITY = "iPhone Developer";
				COPY_PHASE_STRIP = NO;
				DEBUG_INFORMATION_FORMAT = dwarf;
				ENABLE_STRICT_OBJC_MSGSEND = YES;
				ENABLE_TESTABILITY = YES;
				GCC_C_LANGUAGE_STANDARD = gnu11;
				GCC_DYNAMIC_NO_PIC = NO;
				GCC_NO_COMMON_BLOCKS = YES;
				GCC_OPTIMIZATION_LEVEL = 0;
				GCC_PREPROCESSOR_DEFINITIONS = (
					"DEBUG=1",
					"$(inherited)",
				);
				GCC_WARN_64_TO_32_BIT_CONVERSION = YES;
				GCC_WARN_ABOUT_RETURN_TYPE = YES_ERROR;
				GCC_WARN_UNDECLARED_SELECTOR = YES;
				GCC_WARN_UNINITIALIZED_AUTOS = YES_AGGRESSIVE;
				GCC_WARN_UNUSED_FUNCTION = YES;
				GCC_WARN_UNUSED_VARIABLE = YES;
				IPHONEOS_DEPLOYMENT_TARGET = 12.2;
				MTL_ENABLE_DEBUG_INFO = INCLUDE_SOURCE;
				MTL_FAST_MATH = YES;
				ONLY_ACTIVE_ARCH = YES;
				SDKROOT = iphoneos;
				SWIFT_ACTIVE_COMPILATION_CONDITIONS = DEBUG;
				SWIFT_OPTIMIZATION_LEVEL = "-Onone";
			};
			name = Debug;
		};
		7882B784225B34DA008C9F8F /* Release */ = {
			isa = XCBuildConfiguration;
			buildSettings = {
				ALWAYS_SEARCH_USER_PATHS = NO;
				CLANG_ANALYZER_NONNULL = YES;
				CLANG_ANALYZER_NUMBER_OBJECT_CONVERSION = YES_AGGRESSIVE;
				CLANG_CXX_LANGUAGE_STANDARD = "gnu++14";
				CLANG_CXX_LIBRARY = "libc++";
				CLANG_ENABLE_MODULES = YES;
				CLANG_ENABLE_OBJC_ARC = YES;
				CLANG_ENABLE_OBJC_WEAK = YES;
				CLANG_WARN_BLOCK_CAPTURE_AUTORELEASING = YES;
				CLANG_WARN_BOOL_CONVERSION = YES;
				CLANG_WARN_COMMA = YES;
				CLANG_WARN_CONSTANT_CONVERSION = YES;
				CLANG_WARN_DEPRECATED_OBJC_IMPLEMENTATIONS = YES;
				CLANG_WARN_DIRECT_OBJC_ISA_USAGE = YES_ERROR;
				CLANG_WARN_DOCUMENTATION_COMMENTS = YES;
				CLANG_WARN_EMPTY_BODY = YES;
				CLANG_WARN_ENUM_CONVERSION = YES;
				CLANG_WARN_INFINITE_RECURSION = YES;
				CLANG_WARN_INT_CONVERSION = YES;
				CLANG_WARN_NON_LITERAL_NULL_CONVERSION = YES;
				CLANG_WARN_OBJC_IMPLICIT_RETAIN_SELF = YES;
				CLANG_WARN_OBJC_LITERAL_CONVERSION = YES;
				CLANG_WARN_OBJC_ROOT_CLASS = YES_ERROR;
				CLANG_WARN_RANGE_LOOP_ANALYSIS = YES;
				CLANG_WARN_STRICT_PROTOTYPES = YES;
				CLANG_WARN_SUSPICIOUS_MOVE = YES;
				CLANG_WARN_UNGUARDED_AVAILABILITY = YES_AGGRESSIVE;
				CLANG_WARN_UNREACHABLE_CODE = YES;
				CLANG_WARN__DUPLICATE_METHOD_MATCH = YES;
				CODE_SIGN_IDENTITY = "iPhone Developer";
				COPY_PHASE_STRIP = NO;
				DEBUG_INFORMATION_FORMAT = "dwarf-with-dsym";
				ENABLE_NS_ASSERTIONS = NO;
				ENABLE_STRICT_OBJC_MSGSEND = YES;
				GCC_C_LANGUAGE_STANDARD = gnu11;
				GCC_NO_COMMON_BLOCKS = YES;
				GCC_WARN_64_TO_32_BIT_CONVERSION = YES;
				GCC_WARN_ABOUT_RETURN_TYPE = YES_ERROR;
				GCC_WARN_UNDECLARED_SELECTOR = YES;
				GCC_WARN_UNINITIALIZED_AUTOS = YES_AGGRESSIVE;
				GCC_WARN_UNUSED_FUNCTION = YES;
				GCC_WARN_UNUSED_VARIABLE = YES;
				IPHONEOS_DEPLOYMENT_TARGET = 12.2;
				MTL_ENABLE_DEBUG_INFO = NO;
				MTL_FAST_MATH = YES;
				SDKROOT = iphoneos;
				SWIFT_COMPILATION_MODE = wholemodule;
				SWIFT_OPTIMIZATION_LEVEL = "-O";
				VALIDATE_PRODUCT = YES;
			};
			name = Release;
		};
		7882B786225B34DA008C9F8F /* Debug */ = {
			isa = XCBuildConfiguration;
			buildSettings = {
				ASSETCATALOG_COMPILER_APPICON_NAME = AppIcon;
				CODE_SIGN_STYLE = Automatic;
				INFOPLIST_FILE = mmapDemo/Info.plist;
				LD_RUNPATH_SEARCH_PATHS = (
					"$(inherited)",
					"@executable_path/Frameworks",
				);
				PRODUCT_BUNDLE_IDENTIFIER = John.mmapDemo;
				PRODUCT_NAME = "$(TARGET_NAME)";
				SWIFT_VERSION = 5.0;
				TARGETED_DEVICE_FAMILY = "1,2";
			};
			name = Debug;
		};
		7882B787225B34DA008C9F8F /* Release */ = {
			isa = XCBuildConfiguration;
			buildSettings = {
				ASSETCATALOG_COMPILER_APPICON_NAME = AppIcon;
				CODE_SIGN_STYLE = Automatic;
				INFOPLIST_FILE = mmapDemo/Info.plist;
				LD_RUNPATH_SEARCH_PATHS = (
					"$(inherited)",
					"@executable_path/Frameworks",
				);
				PRODUCT_BUNDLE_IDENTIFIER = John.mmapDemo;
				PRODUCT_NAME = "$(TARGET_NAME)";
				SWIFT_VERSION = 5.0;
				TARGETED_DEVICE_FAMILY = "1,2";
			};
			name = Release;
		};
		7882B789225B34DA008C9F8F /* Debug */ = {
			isa = XCBuildConfiguration;
			buildSettings = {
				ALWAYS_EMBED_SWIFT_STANDARD_LIBRARIES = YES;
				BUNDLE_LOADER = "$(TEST_HOST)";
				CODE_SIGN_STYLE = Automatic;
				INFOPLIST_FILE = mmapDemoTests/Info.plist;
				LD_RUNPATH_SEARCH_PATHS = (
					"$(inherited)",
					"@executable_path/Frameworks",
					"@loader_path/Frameworks",
				);
				PRODUCT_BUNDLE_IDENTIFIER = John.mmapDemoTests;
				PRODUCT_NAME = "$(TARGET_NAME)";
				SWIFT_VERSION = 5.0;
				TARGETED_DEVICE_FAMILY = "1,2";
				TEST_HOST = "$(BUILT_PRODUCTS_DIR)/mmapDemo.app/mmapDemo";
			};
			name = Debug;
		};
		7882B78A225B34DA008C9F8F /* Release */ = {
			isa = XCBuildConfiguration;
			buildSettings = {
				ALWAYS_EMBED_SWIFT_STANDARD_LIBRARIES = YES;
				BUNDLE_LOADER = "$(TEST_HOST)";
				CODE_SIGN_STYLE = Automatic;
				INFOPLIST_FILE = mmapDemoTests/Info.plist;
				LD_RUNPATH_SEARCH_PATHS = (
					"$(inherited)",
					"@executable_path/Frameworks",
					"@loader_path/Frameworks",
				);
				PRODUCT_BUNDLE_IDENTIFIER = John.mmapDemoTests;
				PRODUCT_NAME = "$(TARGET_NAME)";
				SWIFT_VERSION = 5.0;
				TARGETED_DEVICE_FAMILY = "1,2";
				TEST_HOST = "$(BUILT_PRODUCTS_DIR)/mmapDemo.app/mmapDemo";
			};
			name = Release;
		};
		7882B78C225B34DA008C9F8F /* Debug */ = {
			isa = XCBuildConfiguration;
			buildSettings = {
				ALWAYS_EMBED_SWIFT_STANDARD_LIBRARIES = YES;
				CODE_SIGN_STYLE = Automatic;
				INFOPLIST_FILE = mmapDemoUITests/Info.plist;
				LD_RUNPATH_SEARCH_PATHS = (
					"$(inherited)",
					"@executable_path/Frameworks",
					"@loader_path/Frameworks",
				);
				PRODUCT_BUNDLE_IDENTIFIER = John.mmapDemoUITests;
				PRODUCT_NAME = "$(TARGET_NAME)";
				SWIFT_VERSION = 5.0;
				TARGETED_DEVICE_FAMILY = "1,2";
				TEST_TARGET_NAME = mmapDemo;
			};
			name = Debug;
		};
		7882B78D225B34DA008C9F8F /* Release */ = {
			isa = XCBuildConfiguration;
			buildSettings = {
				ALWAYS_EMBED_SWIFT_STANDARD_LIBRARIES = YES;
				CODE_SIGN_STYLE = Automatic;
				INFOPLIST_FILE = mmapDemoUITests/Info.plist;
				LD_RUNPATH_SEARCH_PATHS = (
					"$(inherited)",
					"@executable_path/Frameworks",
					"@loader_path/Frameworks",
				);
				PRODUCT_BUNDLE_IDENTIFIER = John.mmapDemoUITests;
				PRODUCT_NAME = "$(TARGET_NAME)";
				SWIFT_VERSION = 5.0;
				TARGETED_DEVICE_FAMILY = "1,2";
				TEST_TARGET_NAME = mmapDemo;
			};
			name = Release;
		};
/* End XCBuildConfiguration section */

/* Begin XCConfigurationList section */
		7882B758225B34D8008C9F8F /* Build configuration list for PBXProject "mmapDemo" */ = {
			isa = XCConfigurationList;
			buildConfigurations = (
				7882B783225B34DA008C9F8F /* Debug */,
				7882B784225B34DA008C9F8F /* Release */,
			);
			defaultConfigurationIsVisible = 0;
			defaultConfigurationName = Release;
		};
		7882B785225B34DA008C9F8F /* Build configuration list for PBXNativeTarget "mmapDemo" */ = {
			isa = XCConfigurationList;
			buildConfigurations = (
				7882B786225B34DA008C9F8F /* Debug */,
				7882B787225B34DA008C9F8F /* Release */,
			);
			defaultConfigurationIsVisible = 0;
			defaultConfigurationName = Release;
		};
		7882B788225B34DA008C9F8F /* Build configuration list for PBXNativeTarget "mmapDemoTests" */ = {
			isa = XCConfigurationList;
			buildConfigurations = (
				7882B789225B34DA008C9F8F /* Debug */,
				7882B78A225B34DA008C9F8F /* Release */,
			);
			defaultConfigurationIsVisible = 0;
			defaultConfigurationName = Release;
		};
		7882B78B225B34DA008C9F8F /* Build configuration list for PBXNativeTarget "mmapDemoUITests" */ = {
			isa = XCConfigurationList;
			buildConfigurations = (
				7882B78C225B34DA008C9F8F /* Debug */,
				7882B78D225B34DA008C9F8F /* Release */,
			);
			defaultConfigurationIsVisible = 0;
			defaultConfigurationName = Release;
		};
/* End XCConfigurationList section */
	};
	rootObject = 7882B755225B34D8008C9F8F /* Project object */;
}
